
Microsoft Visual Studio Solution File, Format Version 12.00
# Visual Studio 15
VisualStudioVersion = 15.0.28307.902
MinimumVisualStudioVersion = 10.0.40219.1
Project("{FAE04EC0-301F-11D3-BF4B-00C04F79EFBC}") = "StudyRouteLibrary", "StudyRouteLibrary\StudyRouteLibrary.csproj", "{22B77773-C4BF-4251-9AD1-BDB346E58462}"
EndProject
Project("{FAE04EC0-301F-11D3-BF4B-00C04F79EFBC}") = "StudyRouteApi", "StudyRouteApi\StudyRouteApi.csproj", "{8B26BF6E-96A3-44AF-8A8E-1F92D27B0803}"
EndProject
Global
	GlobalSection(SolutionConfigurationPlatforms) = preSolution
		Debug|Any CPU = Debug|Any CPU
		Release|Any CPU = Release|Any CPU
	EndGlobalSection
	GlobalSection(ProjectConfigurationPlatforms) = postSolution
		{22B77773-C4BF-4251-9AD1-BDB346E58462}.Debug|Any CPU.ActiveCfg = Debug|Any CPU
		{22B77773-C4BF-4251-9AD1-BDB346E58462}.Debug|Any CPU.Build.0 = Debug|Any CPU
		{22B77773-C4BF-4251-9AD1-BDB346E58462}.Release|Any CPU.ActiveCfg = Release|Any CPU
		{22B77773-C4BF-4251-9AD1-BDB346E58462}.Release|Any CPU.Build.0 = Release|Any CPU
		{8B26BF6E-96A3-44AF-8A8E-1F92D27B0803}.Debug|Any CPU.ActiveCfg = Debug|Any CPU
		{8B26BF6E-96A3-44AF-8A8E-1F92D27B0803}.Debug|Any CPU.Build.0 = Debug|Any CPU
		{8B26BF6E-96A3-44AF-8A8E-1F92D27B0803}.Release|Any CPU.ActiveCfg = Release|Any CPU
		{8B26BF6E-96A3-44AF-8A8E-1F92D27B0803}.Release|Any CPU.Build.0 = Release|Any CPU
	EndGlobalSection
	GlobalSection(SolutionProperties) = preSolution
		HideSolutionNode = FALSE
	EndGlobalSection
	GlobalSection(ExtensibilityGlobals) = postSolution
		SolutionGuid = {18541A72-2BDB-437A-8149-DC0B8E85BDD8}
	EndGlobalSection
EndGlobal
